
Microsoft Visual Studio Solution File, Format Version 12.00
# Visual Studio Version 17
VisualStudioVersion = 17.5.002.0
MinimumVisualStudioVersion = 10.0.40219.1
Project("{9A19103F-16F7-4668-BE54-9A1E7A4F7556}") = "c-sharp-project", "c-sharp-project.csproj", "{EDC888AB-AA80-4F1C-B25E-8BBE40438ED5}"
EndProject
Global
	GlobalSection(SolutionConfigurationPlatforms) = preSolution
		Debug|Any CPU = Debug|Any CPU
		Release|Any CPU = Release|Any CPU
	EndGlobalSection
	GlobalSection(ProjectConfigurationPlatforms) = postSolution
		{EDC888AB-AA80-4F1C-B25E-8BBE40438ED5}.Debug|Any CPU.ActiveCfg = Debug|Any CPU
		{EDC888AB-AA80-4F1C-B25E-8BBE40438ED5}.Debug|Any CPU.Build.0 = Debug|Any CPU
		{EDC888AB-AA80-4F1C-B25E-8BBE40438ED5}.Release|Any CPU.ActiveCfg = Release|Any CPU
		{EDC888AB-AA80-4F1C-B25E-8BBE40438ED5}.Release|Any CPU.Build.0 = Release|Any CPU
	EndGlobalSection
	GlobalSection(SolutionProperties) = preSolution
		HideSolutionNode = FALSE
	EndGlobalSection
	GlobalSection(ExtensibilityGlobals) = postSolution
		SolutionGuid = {61B10048-07A7-4894-9C15-22B5938E389C}
	EndGlobalSection
EndGlobal
